<?xml version="1.0" encoding="UTF-8"?>
<CONFIG>
  <ProjectOptions>
    <Version Value="11"/>
    <PathDelim Value="\"/>
    <General>
      <MainUnit Value="0"/>
      <UseXPManifest Value="True"/>
    </General>
    <VersionInfo>
      <Language Value=""/>
      <CharSet Value=""/>
    </VersionInfo>
    <BuildModes Count="1">
      <Item1 Name="default" Default="True"/>
    </BuildModes>
    <PublishOptions>
      <Version Value="2"/>
    </PublishOptions>
    <RunParams>
      <FormatVersion Value="2"/>
      <Modes Count="1">
        <Mode0 Name="default">
          <local>
            <LaunchingApplication PathPlusParams="\usr\X11R6\bin\xterm -T 'Lazarus Run Output' -e $(LazarusDir)\tools\runwait.sh $(TargetCmdLine)"/>
          </local>
        </Mode0>
      </Modes>
    </RunParams>
    <RequiredPackages Count="2">
      <Item1>
        <PackageName Value="python4lazarus_package"/>
      </Item1>
      <Item2>
        <PackageName Value="LCL"/>
      </Item2>
    </RequiredPackages>
    <Units Count="22">
      <Unit0>
        <Filename Value="project1.lpr"/>
        <IsPartOfProject Value="True"/>
        <EditorIndex Value="1"/>
        <CursorPos Y="25"/>
        <UsageCount Value="80"/>
        <Loaded Value="True"/>
      </Unit0>
      <Unit1>
        <Filename Value="unit1.pas"/>
        <IsPartOfProject Value="True"/>
        <ComponentName Value="Form1"/>
        <HasResources Value="True"/>
        <ResourceBaseClass Value="Form"/>
        <UnitName Value="Unit1"/>
        <TopLine Value="57"/>
        <CursorPos Y="85"/>
        <UsageCount Value="80"/>
        <Loaded Value="True"/>
        <LoadedDesigner Value="True"/>
      </Unit1>
      <Unit2>
        <Filename Value="..\..\..\..\..\fpc\2.2.4\source\rtl\inc\variants.pp"/>
        <TopLine Value="4220"/>
        <CursorPos X="9" Y="4225"/>
        <UsageCount Value="37"/>
      </Unit2>
      <Unit3>
        <Filename Value="..\..\..\..\..\fpc\2.2.4\source\rtl\inc\varianth.inc"/>
        <TopLine Value="115"/>
        <CursorPos X="94" Y="134"/>
        <UsageCount Value="37"/>
      </Unit3>
      <Unit4>
        <Filename Value="..\..\..\Components\Sources\Core\PythonGUIInputOutput.pas"/>
        <EditorIndex Value="-1"/>
        <TopLine Value="154"/>
        <CursorPos X="52" Y="166"/>
        <UsageCount Value="11"/>
        <DefaultSyntaxHighlighter Value="Delphi"/>
      </Unit4>
      <Unit5>
        <Filename Value="..\..\..\Components\Sources\Core\PythonEngine.pas"/>
        <EditorIndex Value="-1"/>
        <TopLine Value="3170"/>
        <CursorPos Y="3193"/>
        <UsageCount Value="11"/>
      </Unit5>
      <Unit6>
        <Filename Value="..\..\..\Components\p4dlaz.pas"/>
        <UnitName Value="P4DLaz"/>
        <EditorIndex Value="-1"/>
        <CursorPos X="36" Y="11"/>
        <UsageCount Value="10"/>
        <DefaultSyntaxHighlighter Value="Delphi"/>
      </Unit6>
      <Unit7>
        <Filename Value="..\Demo06\Unit1.lfm"/>
        <ComponentName Value="Form1"/>
        <HasResources Value="True"/>
        <ResourceBaseClass Value="Form"/>
        <EditorIndex Value="-1"/>
        <UsageCount Value="11"/>
        <DefaultSyntaxHighlighter Value="LFM"/>
      </Unit7>
      <Unit8>
        <Filename Value="..\Demo06\Unit1.pas"/>
        <EditorIndex Value="-1"/>
        <TopLine Value="62"/>
        <CursorPos X="60" Y="106"/>
        <UsageCount Value="10"/>
      </Unit8>
      <Unit9>
        <Filename Value="unit1.lrs"/>
        <EditorIndex Value="-1"/>
        <UsageCount Value="10"/>
      </Unit9>
      <Unit10>
        <Filename Value="project1.lrs"/>
        <EditorIndex Value="-1"/>
        <TopLine Value="67"/>
        <CursorPos X="4" Y="67"/>
        <UsageCount Value="10"/>
      </Unit10>
      <Unit11>
        <Filename Value="..\Demo25\unit1.pas"/>
        <UnitName Value="Unit1"/>
        <EditorIndex Value="-1"/>
        <TopLine Value="225"/>
        <UsageCount Value="10"/>
      </Unit11>
      <Unit12>
        <Filename Value="..\..\..\..\..\Python-for-Lazarus\demo_delphi\FPC\Demo02\unit1.pas"/>
        <UnitName Value="Unit1"/>
        <EditorIndex Value="-1"/>
        <TopLine Value="35"/>
        <CursorPos X="36" Y="43"/>
        <UsageCount Value="10"/>
      </Unit12>
      <Unit13>
        <Filename Value="proc_py.pas"/>
        <EditorIndex Value="-1"/>
        <TopLine Value="14"/>
        <UsageCount Value="10"/>
      </Unit13>
      <Unit14>
        <Filename Value="..\..\Demo02\Unit1.pas"/>
        <ComponentName Value="Form1"/>
        <HasResources Value="True"/>
        <ResourceBaseClass Value="Form"/>
        <EditorIndex Value="-1"/>
        <TopLine Value="20"/>
        <CursorPos X="5" Y="20"/>
        <UsageCount Value="11"/>
      </Unit14>
      <Unit15>
        <Filename Value="unit1.lfm"/>
        <ComponentName Value="Form1"/>
        <HasResources Value="True"/>
        <ResourceBaseClass Value="Form"/>
        <IsVisibleTab Value="True"/>
        <EditorIndex Value="2"/>
        <TopLine Value="73"/>
        <CursorPos X="18" Y="117"/>
        <UsageCount Value="12"/>
        <Loaded Value="True"/>
        <DefaultSyntaxHighlighter Value="LFM"/>
      </Unit15>
      <Unit16>
        <Filename Value="..\..\..\..\..\..\..\..\usr\lib\lazarus\2.0.0\lcl\include\customform.inc"/>
        <EditorIndex Value="-1"/>
        <TopLine Value="917"/>
        <CursorPos Y="940"/>
        <UsageCount Value="10"/>
      </Unit16>
      <Unit17>
        <Filename Value="..\..\..\..\..\..\..\..\usr\lib\lazarus\2.0.0\components\lazutils\lazmethodlist.pas"/>
        <UnitName Value="LazMethodList"/>
        <EditorIndex Value="-1"/>
        <TopLine Value="166"/>
        <CursorPos Y="191"/>
        <UsageCount Value="10"/>
      </Unit17>
      <Unit18>
        <Filename Value="..\..\..\python4lazarus\Sources\Core\PythonEngine.pas"/>
        <EditorIndex Value="-1"/>
        <TopLine Value="5559"/>
        <CursorPos Y="5581"/>
        <UsageCount Value="10"/>
        <DefaultSyntaxHighlighter Value="Delphi"/>
      </Unit18>
      <Unit19>
        <Filename Value="..\..\..\..\..\..\..\..\usr\share\fpcsrc\3.0.4\rtl\wince\windows.pp"/>
        <EditorIndex Value="-1"/>
        <TopLine Value="22"/>
        <CursorPos X="5" Y="44"/>
        <UsageCount Value="10"/>
      </Unit19>
      <Unit20>
        <Filename Value="..\..\Demo03\Unit1.pas"/>
        <EditorIndex Value="-1"/>
        <TopLine Value="11"/>
        <CursorPos X="5" Y="24"/>
        <UsageCount Value="10"/>
      </Unit20>
      <Unit21>
        <Filename Value="..\Demo02\unit1.pas"/>
        <UnitName Value="Unit1"/>
        <EditorIndex Value="-1"/>
        <TopLine Value="36"/>
        <CursorPos X="6" Y="72"/>
        <UsageCount Value="10"/>
      </Unit21>
    </Units>
    <JumpHistory Count="22" HistoryIndex="21">
      <Position1>
        <Filename Value="unit1.pas"/>
        <Caret Line="72" Column="25" TopLine="36"/>
      </Position1>
      <Position2>
        <Filename Value="unit1.pas"/>
        <Caret Line="94" Column="28" TopLine="57"/>
      </Position2>
      <Position3>
        <Filename Value="unit1.pas"/>
        <Caret Line="6"/>
      </Position3>
      <Position4>
        <Filename Value="unit1.pas"/>
        <Caret Line="9" Column="3"/>
      </Position4>
      <Position5>
        <Filename Value="unit1.pas"/>
        <Caret Line="15" Column="41" TopLine="7"/>
      </Position5>
      <Position6>
        <Filename Value="unit1.pas"/>
        <Caret Line="19" Column="32"/>
      </Position6>
      <Position7>
        <Filename Value="unit1.pas"/>
        <Caret Line="9" Column="37" TopLine="3"/>
      </Position7>
      <Position8>
        <Filename Value="unit1.pas"/>
        <Caret Line="8" Column="44"/>
      </Position8>
      <Position9>
        <Filename Value="unit1.pas"/>
        <Caret Line="18"/>
      </Position9>
      <Position10>
        <Filename Value="unit1.pas"/>
        <Caret Line="8" Column="79"/>
      </Position10>
      <Position11>
        <Filename Value="unit1.pas"/>
        <Caret Line="59" Column="48" TopLine="37"/>
      </Position11>
      <Position12>
        <Filename Value="unit1.pas"/>
        <Caret Line="56" TopLine="40"/>
      </Position12>
      <Position13>
        <Filename Value="unit1.pas"/>
        <Caret Line="77" Column="126"/>
      </Position13>
      <Position14>
        <Filename Value="unit1.pas"/>
        <Caret Line="10" Column="66" TopLine="10"/>
      </Position14>
      <Position15>
        <Filename Value="unit1.pas"/>
        <Caret Line="101" Column="103" TopLine="57"/>
      </Position15>
      <Position16>
        <Filename Value="unit1.pas"/>
        <Caret Line="98" Column="4" TopLine="56"/>
      </Position16>
      <Position17>
        <Filename Value="unit1.pas"/>
        <Caret Line="85" TopLine="56"/>
      </Position17>
      <Position18>
        <Filename Value="unit1.pas"/>
        <Caret Line="86" TopLine="56"/>
      </Position18>
      <Position19>
        <Filename Value="unit1.pas"/>
        <Caret Line="85" TopLine="56"/>
      </Position19>
      <Position20>
        <Filename Value="unit1.pas"/>
        <Caret Line="91" TopLine="56"/>
      </Position20>
      <Position21>
        <Filename Value="unit1.pas"/>
        <Caret Line="94" TopLine="57"/>
      </Position21>
      <Position22>
        <Filename Value="unit1.lfm"/>
        <Caret Line="30" Column="78"/>
      </Position22>
    </JumpHistory>
  </ProjectOptions>
  <CompilerOptions>
    <Version Value="11"/>
    <PathDelim Value="\"/>
    <SearchPaths>
      <IncludeFiles Value="$(ProjOutDir)"/>
    </SearchPaths>
    <Parsing>
      <SyntaxOptions>
        <UseAnsiStrings Value="False"/>
      </SyntaxOptions>
    </Parsing>
    <Linking>
      <Options>
        <Win32>
          <GraphicApplication Value="True"/>
        </Win32>
      </Options>
    </Linking>
  </CompilerOptions>
  <Debugging>
    <Watches Count="4">
      <Item1>
        <Expression Value="s"/>
      </Item1>
      <Item2>
        <Expression Value="Result"/>
      </Item2>
      <Item3>
        <Expression Value="_size"/>
      </Item3>
      <Item4>
        <Expression Value="_ucs4Str"/>
      </Item4>
    </Watches>
    <Exceptions Count="3">
      <Item1>
        <Name Value="EAbort"/>
      </Item1>
      <Item2>
        <Name Value="ECodetoolError"/>
      </Item2>
      <Item3>
        <Name Value="EFOpenError"/>
      </Item3>
    </Exceptions>
  </Debugging>
</CONFIG>
